// !$*UTF8*$!
{
	archiveVersion = 1;
	classes = {
	};
	objectVersion = 48;
	objects = {

/* Begin PBXBuildFile section */
		251D459B1FD315E000085469 /* AppDelegate.swift in Sources */ = {isa = PBXBuildFile; fileRef = 251D459A1FD315E000085469 /* AppDelegate.swift */; };
		251D459D1FD315E000085469 /* ViewController.swift in Sources */ = {isa = PBXBuildFile; fileRef = 251D459C1FD315E000085469 /* ViewController.swift */; };
		251D45A01FD315E000085469 /* Main.storyboard in Resources */ = {isa = PBXBuildFile; fileRef = 251D459E1FD315E000085469 /* Main.storyboard */; };
		251D45A21FD315E000085469 /* Assets.xcassets in Resources */ = {isa = PBXBuildFile; fileRef = 251D45A11FD315E000085469 /* Assets.xcassets */; };
		251D45A51FD315E000085469 /* LaunchScreen.storyboard in Resources */ = {isa = PBXBuildFile; fileRef = 251D45A31FD315E000085469 /* LaunchScreen.storyboard */; };
		251D45B01FD315E000085469 /* _digit_mastermindTests.swift in Sources */ = {isa = PBXBuildFile; fileRef = 251D45AF1FD315E000085469 /* _digit_mastermindTests.swift */; };
		251D45BB1FD315E000085469 /* _digit_mastermindUITests.swift in Sources */ = {isa = PBXBuildFile; fileRef = 251D45BA1FD315E000085469 /* _digit_mastermindUITests.swift */; };
		25AD17751FEC4F1A0077CE67 /* 4digit mastermind source.swift in Sources */ = {isa = PBXBuildFile; fileRef = 25AD17741FEC4F1A0077CE67 /* 4digit mastermind source.swift */; };
		25DE6EE41FEE1C9C00712F75 /* numericMasterMind in Resources */ = {isa = PBXBuildFile; fileRef = 25DE6EE31FEE1C9C00712F75 /* numericMasterMind */; };
/* End PBXBuildFile section */

/* Begin PBXContainerItemProxy section */
		251D45AC1FD315E000085469 /* PBXContainerItemProxy */ = {
			isa = PBXContainerItemProxy;
			containerPortal = 251D458F1FD315E000085469 /* Project object */;
			proxyType = 1;
			remoteGlobalIDString = 251D45961FD315E000085469;
			remoteInfo = "4digit mastermind";
		};
		251D45B71FD315E000085469 /* PBXContainerItemProxy */ = {
			isa = PBXContainerItemProxy;
			containerPortal = 251D458F1FD315E000085469 /* Project object */;
			proxyType = 1;
			remoteGlobalIDString = 251D45961FD315E000085469;
			remoteInfo = "4digit mastermind";
		};
/* End PBXContainerItemProxy section */

/* Begin PBXFileReference section */
		251D45971FD315E000085469 /* 4digit mastermind.app */ = {isa = PBXFileReference; explicitFileType = wrapper.application; includeInIndex = 0; path = "4digit mastermind.app"; sourceTree = BUILT_PRODUCTS_DIR; };
		251D459A1FD315E000085469 /* AppDelegate.swift */ = {isa = PBXFileReference; lastKnownFileType = sourcecode.swift; path = AppDelegate.swift; sourceTree = "<group>"; };
		251D459C1FD315E000085469 /* ViewController.swift */ = {isa = PBXFileReference; lastKnownFileType = sourcecode.swift; path = ViewController.swift; sourceTree = "<group>"; };
		251D459F1FD315E000085469 /* Base */ = {isa = PBXFileReference; lastKnownFileType = file.storyboard; name = Base; path = Base.lproj/Main.storyboard; sourceTree = "<group>"; };
		251D45A11FD315E000085469 /* Assets.xcassets */ = {isa = PBXFileReference; lastKnownFileType = folder.assetcatalog; path = Assets.xcassets; sourceTree = "<group>"; };
		251D45A41FD315E000085469 /* Base */ = {isa = PBXFileReference; lastKnownFileType = file.storyboard; name = Base; path = Base.lproj/LaunchScreen.storyboard; sourceTree = "<group>"; };
		251D45A61FD315E000085469 /* Info.plist */ = {isa = PBXFileReference; lastKnownFileType = text.plist.xml; path = Info.plist; sourceTree = "<group>"; };
		251D45AB1FD315E000085469 /* 4digit mastermindTests.xctest */ = {isa = PBXFileReference; explicitFileType = wrapper.cfbundle; includeInIndex = 0; path = "4digit mastermindTests.xctest"; sourceTree = BUILT_PRODUCTS_DIR; };
		251D45AF1FD315E000085469 /* _digit_mastermindTests.swift */ = {isa = PBXFileReference; lastKnownFileType = sourcecode.swift; path = _digit_mastermindTests.swift; sourceTree = "<group>"; };
		251D45B11FD315E000085469 /* Info.plist */ = {isa = PBXFileReference; lastKnownFileType = text.plist.xml; path = Info.plist; sourceTree = "<group>"; };
		251D45B61FD315E000085469 /* 4digit mastermindUITests.xctest */ = {isa = PBXFileReference; explicitFileType = wrapper.cfbundle; includeInIndex = 0; path = "4digit mastermindUITests.xctest"; sourceTree = BUILT_PRODUCTS_DIR; };
		251D45BA1FD315E000085469 /* _digit_mastermindUITests.swift */ = {isa = PBXFileReference; lastKnownFileType = sourcecode.swift; path = _digit_mastermindUITests.swift; sourceTree = "<group>"; };
		251D45BC1FD315E000085469 /* Info.plist */ = {isa = PBXFileReference; lastKnownFileType = text.plist.xml; path = Info.plist; sourceTree = "<group>"; };
		25AD17741FEC4F1A0077CE67 /* 4digit mastermind source.swift */ = {isa = PBXFileReference; lastKnownFileType = sourcecode.swift; path = "4digit mastermind source.swift"; sourceTree = "<group>"; };
		25DE6EE31FEE1C9C00712F75 /* numericMasterMind */ = {isa = PBXFileReference; lastKnownFileType = folder; path = numericMasterMind; sourceTree = "<group>"; };
/* End PBXFileReference section */

/* Begin PBXFrameworksBuildPhase section */
		251D45941FD315E000085469 /* Frameworks */ = {
			isa = PBXFrameworksBuildPhase;
			buildActionMask = 2147483647;
			files = (
			);
			runOnlyForDeploymentPostprocessing = 0;
		};
		251D45A81FD315E000085469 /* Frameworks */ = {
			isa = PBXFrameworksBuildPhase;
			buildActionMask = 2147483647;
			files = (
			);
			runOnlyForDeploymentPostprocessing = 0;
		};
		251D45B31FD315E000085469 /* Frameworks */ = {
			isa = PBXFrameworksBuildPhase;
			buildActionMask = 2147483647;
			files = (
			);
			runOnlyForDeploymentPostprocessing = 0;
		};
/* End PBXFrameworksBuildPhase section */

/* Begin PBXGroup section */
		251D458E1FD315E000085469 = {
			isa = PBXGroup;
			children = (
				251D45991FD315E000085469 /* 4digit mastermind */,
				251D45AE1FD315E000085469 /* 4digit mastermindTests */,
				251D45B91FD315E000085469 /* 4digit mastermindUITests */,
				251D45981FD315E000085469 /* Products */,
			);
			sourceTree = "<group>";
		};
		251D45981FD315E000085469 /* Products */ = {
			isa = PBXGroup;
			children = (
				251D45971FD315E000085469 /* 4digit mastermind.app */,
				251D45AB1FD315E000085469 /* 4digit mastermindTests.xctest */,
				251D45B61FD315E000085469 /* 4digit mastermindUITests.xctest */,
			);
			name = Products;
			sourceTree = "<group>";
		};
		251D45991FD315E000085469 /* 4digit mastermind */ = {
			isa = PBXGroup;
			children = (
				251D459A1FD315E000085469 /* AppDelegate.swift */,
				251D459C1FD315E000085469 /* ViewController.swift */,
				25AD17741FEC4F1A0077CE67 /* 4digit mastermind source.swift */,
				251D459E1FD315E000085469 /* Main.storyboard */,
				251D45A11FD315E000085469 /* Assets.xcassets */,
				251D45A31FD315E000085469 /* LaunchScreen.storyboard */,
				251D45A61FD315E000085469 /* Info.plist */,
				25DE6EE31FEE1C9C00712F75 /* numericMasterMind */,
			);
			path = "4digit mastermind";
			sourceTree = "<group>";
		};
		251D45AE1FD315E000085469 /* 4digit mastermindTests */ = {
			isa = PBXGroup;
			children = (
				251D45AF1FD315E000085469 /* _digit_mastermindTests.swift */,
				251D45B11FD315E000085469 /* Info.plist */,
			);
			path = "4digit mastermindTests";
			sourceTree = "<group>";
		};
		251D45B91FD315E000085469 /* 4digit mastermindUITests */ = {
			isa = PBXGroup;
			children = (
				251D45BA1FD315E000085469 /* _digit_mastermindUITests.swift */,
				251D45BC1FD315E000085469 /* Info.plist */,
			);
			path = "4digit mastermindUITests";
			sourceTree = "<group>";
		};
/* End PBXGroup section */

/* Begin PBXNativeTarget section */
		251D45961FD315E000085469 /* 4digit mastermind */ = {
			isa = PBXNativeTarget;
			buildConfigurationList = 251D45BF1FD315E000085469 /* Build configuration list for PBXNativeTarget "4digit mastermind" */;
			buildPhases = (
				251D45931FD315E000085469 /* Sources */,
				251D45941FD315E000085469 /* Frameworks */,
				251D45951FD315E000085469 /* Resources */,
			);
			buildRules = (
			);
			dependencies = (
			);
			name = "4digit mastermind";
			productName = "4digit mastermind";
			productReference = 251D45971FD315E000085469 /* 4digit mastermind.app */;
			productType = "com.apple.product-type.application";
		};
		251D45AA1FD315E000085469 /* 4digit mastermindTests */ = {
			isa = PBXNativeTarget;
			buildConfigurationList = 251D45C21FD315E000085469 /* Build configuration list for PBXNativeTarget "4digit mastermindTests" */;
			buildPhases = (
				251D45A71FD315E000085469 /* Sources */,
				251D45A81FD315E000085469 /* Frameworks */,
				251D45A91FD315E000085469 /* Resources */,
			);
			buildRules = (
			);
			dependencies = (
				251D45AD1FD315E000085469 /* PBXTargetDependency */,
			);
			name = "4digit mastermindTests";
			productName = "4digit mastermindTests";
			productReference = 251D45AB1FD315E000085469 /* 4digit mastermindTests.xctest */;
			productType = "com.apple.product-type.bundle.unit-test";
		};
		251D45B51FD315E000085469 /* 4digit mastermindUITests */ = {
			isa = PBXNativeTarget;
			buildConfigurationList = 251D45C51FD315E000085469 /* Build configuration list for PBXNativeTarget "4digit mastermindUITests" */;
			buildPhases = (
				251D45B21FD315E000085469 /* Sources */,
				251D45B31FD315E000085469 /* Frameworks */,
				251D45B41FD315E000085469 /* Resources */,
			);
			buildRules = (
			);
			dependencies = (
				251D45B81FD315E000085469 /* PBXTargetDependency */,
			);
			name = "4digit mastermindUITests";
			productName = "4digit mastermindUITests";
			productReference = 251D45B61FD315E000085469 /* 4digit mastermindUITests.xctest */;
			productType = "com.apple.product-type.bundle.ui-testing";
		};
/* End PBXNativeTarget section */

/* Begin PBXProject section */
		251D458F1FD315E000085469 /* Project object */ = {
			isa = PBXProject;
			attributes = {
				LastSwiftUpdateCheck = 0910;
				LastUpgradeCheck = 0910;
				ORGANIZATIONNAME = Jobigames;
				TargetAttributes = {
					251D45961FD315E000085469 = {
						CreatedOnToolsVersion = 9.1;
						ProvisioningStyle = Automatic;
					};
					251D45AA1FD315E000085469 = {
						CreatedOnToolsVersion = 9.1;
						ProvisioningStyle = Automatic;
						TestTargetID = 251D45961FD315E000085469;
					};
					251D45B51FD315E000085469 = {
						CreatedOnToolsVersion = 9.1;
						ProvisioningStyle = Automatic;
						TestTargetID = 251D45961FD315E000085469;
					};
				};
			};
			buildConfigurationList = 251D45921FD315E000085469 /* Build configuration list for PBXProject "4digit mastermind" */;
			compatibilityVersion = "Xcode 8.0";
			developmentRegion = en;
			hasScannedForEncodings = 0;
			knownRegions = (
				en,
				Base,
			);
			mainGroup = 251D458E1FD315E000085469;
			productRefGroup = 251D45981FD315E000085469 /* Products */;
			projectDirPath = "";
			projectRoot = "";
			targets = (
				251D45961FD315E000085469 /* 4digit mastermind */,
				251D45AA1FD315E000085469 /* 4digit mastermindTests */,
				251D45B51FD315E000085469 /* 4digit mastermindUITests */,
			);
		};
/* End PBXProject section */

/* Begin PBXResourcesBuildPhase section */
		251D45951FD315E000085469 /* Resources */ = {
			isa = PBXResourcesBuildPhase;
			buildActionMask = 2147483647;
			files = (
				25DE6EE41FEE1C9C00712F75 /* numericMasterMind in Resources */,
				251D45A51FD315E000085469 /* LaunchScreen.storyboard in Resources */,
				251D45A21FD315E000085469 /* Assets.xcassets in Resources */,
				251D45A01FD315E000085469 /* Main.storyboard in Resources */,
			);
			runOnlyForDeploymentPostprocessing = 0;
		};
		251D45A91FD315E000085469 /* Resources */ = {
			isa = PBXResourcesBuildPhase;
			buildActionMask = 2147483647;
			files = (
			);
			runOnlyForDeploymentPostprocessing = 0;
		};
		251D45B41FD315E000085469 /* Resources */ = {
			isa = PBXResourcesBuildPhase;
			buildActionMask = 2147483647;
			files = (
			);
			runOnlyForDeploymentPostprocessing = 0;
		};
/* End PBXResourcesBuildPhase section */

/* Begin PBXSourcesBuildPhase section */
		251D45931FD315E000085469 /* Sources */ = {
			isa = PBXSourcesBuildPhase;
			buildActionMask = 2147483647;
			files = (
				251D459D1FD315E000085469 /* ViewController.swift in Sources */,
				25AD17751FEC4F1A0077CE67 /* 4digit mastermind source.swift in Sources */,
				251D459B1FD315E000085469 /* AppDelegate.swift in Sources */,
			);
			runOnlyForDeploymentPostprocessing = 0;
		};
		251D45A71FD315E000085469 /* Sources */ = {
			isa = PBXSourcesBuildPhase;
			buildActionMask = 2147483647;
			files = (
				251D45B01FD315E000085469 /* _digit_mastermindTests.swift in Sources */,
			);
			runOnlyForDeploymentPostprocessing = 0;
		};
		251D45B21FD315E000085469 /* Sources */ = {
			isa = PBXSourcesBuildPhase;
			buildActionMask = 2147483647;
			files = (
				251D45BB1FD315E000085469 /* _digit_mastermindUITests.swift in Sources */,
			);
			runOnlyForDeploymentPostprocessing = 0;
		};
/* End PBXSourcesBuildPhase section */

/* Begin PBXTargetDependency section */
		251D45AD1FD315E000085469 /* PBXTargetDependency */ = {
			isa = PBXTargetDependency;
			target = 251D45961FD315E000085469 /* 4digit mastermind */;
			targetProxy = 251D45AC1FD315E000085469 /* PBXContainerItemProxy */;
		};
		251D45B81FD315E000085469 /* PBXTargetDependency */ = {
			isa = PBXTargetDependency;
			target = 251D45961FD315E000085469 /* 4digit mastermind */;
			targetProxy = 251D45B71FD315E000085469 /* PBXContainerItemProxy */;
		};
/* End PBXTargetDependency section */

/* Begin PBXVariantGroup section */
		251D459E1FD315E000085469 /* Main.storyboard */ = {
			isa = PBXVariantGroup;
			children = (
				251D459F1FD315E000085469 /* Base */,
			);
			name = Main.storyboard;
			sourceTree = "<group>";
		};
		251D45A31FD315E000085469 /* LaunchScreen.storyboard */ = {
			isa = PBXVariantGroup;
			children = (
				251D45A41FD315E000085469 /* Base */,
			);
			name = LaunchScreen.storyboard;
			sourceTree = "<group>";
		};
/* End PBXVariantGroup section */

/* Begin XCBuildConfiguration section */
		251D45BD1FD315E000085469 /* Debug */ = {
			isa = XCBuildConfiguration;
			buildSettings = {
				ALWAYS_SEARCH_USER_PATHS = NO;
				CLANG_ANALYZER_NONNULL = YES;
				CLANG_ANALYZER_NUMBER_OBJECT_CONVERSION = YES_AGGRESSIVE;
				CLANG_CXX_LANGUAGE_STANDARD = "gnu++14";
				CLANG_CXX_LIBRARY = "libc++";
				CLANG_ENABLE_MODULES = YES;
				CLANG_ENABLE_OBJC_ARC = YES;
				CLANG_WARN_BLOCK_CAPTURE_AUTORELEASING = YES;
				CLANG_WARN_BOOL_CONVERSION = YES;
				CLANG_WARN_COMMA = YES;
				CLANG_WARN_CONSTANT_CONVERSION = YES;
				CLANG_WARN_DIRECT_OBJC_ISA_USAGE = YES_ERROR;
				CLANG_WARN_DOCUMENTATION_COMMENTS = YES;
				CLANG_WARN_EMPTY_BODY = YES;
				CLANG_WARN_ENUM_CONVERSION = YES;
				CLANG_WARN_INFINITE_RECURSION = YES;
				CLANG_WARN_INT_CONVERSION = YES;
				CLANG_WARN_NON_LITERAL_NULL_CONVERSION = YES;
				CLANG_WARN_OBJC_LITERAL_CONVERSION = YES;
				CLANG_WARN_OBJC_ROOT_CLASS = YES_ERROR;
				CLANG_WARN_RANGE_LOOP_ANALYSIS = YES;
				CLANG_WARN_STRICT_PROTOTYPES = YES;
				CLANG_WARN_SUSPICIOUS_MOVE = YES;
				CLANG_WARN_UNGUARDED_AVAILABILITY = YES_AGGRESSIVE;
				CLANG_WARN_UNREACHABLE_CODE = YES;
				CLANG_WARN__DUPLICATE_METHOD_MATCH = YES;
				CODE_SIGN_IDENTITY = "iPhone Developer";
				COPY_PHASE_STRIP = NO;
				DEBUG_INFORMATION_FORMAT = dwarf;
				ENABLE_STRICT_OBJC_MSGSEND = YES;
				ENABLE_TESTABILITY = YES;
				GCC_C_LANGUAGE_STANDARD = gnu11;
				GCC_DYNAMIC_NO_PIC = NO;
				GCC_NO_COMMON_BLOCKS = YES;
				GCC_OPTIMIZATION_LEVEL = 0;
				GCC_PREPROCESSOR_DEFINITIONS = (
					"DEBUG=1",
					"$(inherited)",
				);
				GCC_WARN_64_TO_32_BIT_CONVERSION = YES;
				GCC_WARN_ABOUT_RETURN_TYPE = YES_ERROR;
				GCC_WARN_UNDECLARED_SELECTOR = YES;
				GCC_WARN_UNINITIALIZED_AUTOS = YES_AGGRESSIVE;
				GCC_WARN_UNUSED_FUNCTION = YES;
				GCC_WARN_UNUSED_VARIABLE = YES;
				IPHONEOS_DEPLOYMENT_TARGET = 11.1;
				MTL_ENABLE_DEBUG_INFO = YES;
				ONLY_ACTIVE_ARCH = YES;
				SDKROOT = iphoneos;
				SWIFT_ACTIVE_COMPILATION_CONDITIONS = DEBUG;
				SWIFT_OPTIMIZATION_LEVEL = "-Onone";
			};
			name = Debug;
		};
		251D45BE1FD315E000085469 /* Release */ = {
			isa = XCBuildConfiguration;
			buildSettings = {
				ALWAYS_SEARCH_USER_PATHS = NO;
				CLANG_ANALYZER_NONNULL = YES;
				CLANG_ANALYZER_NUMBER_OBJECT_CONVERSION = YES_AGGRESSIVE;
				CLANG_CXX_LANGUAGE_STANDARD = "gnu++14";
				CLANG_CXX_LIBRARY = "libc++";
				CLANG_ENABLE_MODULES = YES;
				CLANG_ENABLE_OBJC_ARC = YES;
				CLANG_WARN_BLOCK_CAPTURE_AUTORELEASING = YES;
				CLANG_WARN_BOOL_CONVERSION = YES;
				CLANG_WARN_COMMA = YES;
				CLANG_WARN_CONSTANT_CONVERSION = YES;
				CLANG_WARN_DIRECT_OBJC_ISA_USAGE = YES_ERROR;
				CLANG_WARN_DOCUMENTATION_COMMENTS = YES;
				CLANG_WARN_EMPTY_BODY = YES;
				CLANG_WARN_ENUM_CONVERSION = YES;
				CLANG_WARN_INFINITE_RECURSION = YES;
				CLANG_WARN_INT_CONVERSION = YES;
				CLANG_WARN_NON_LITERAL_NULL_CONVERSION = YES;
				CLANG_WARN_OBJC_LITERAL_CONVERSION = YES;
				CLANG_WARN_OBJC_ROOT_CLASS = YES_ERROR;
				CLANG_WARN_RANGE_LOOP_ANALYSIS = YES;
				CLANG_WARN_STRICT_PROTOTYPES = YES;
				CLANG_WARN_SUSPICIOUS_MOVE = YES;
				CLANG_WARN_UNGUARDED_AVAILABILITY = YES_AGGRESSIVE;
				CLANG_WARN_UNREACHABLE_CODE = YES;
				CLANG_WARN__DUPLICATE_METHOD_MATCH = YES;
				CODE_SIGN_IDENTITY = "iPhone Developer";
				COPY_PHASE_STRIP = NO;
				DEBUG_INFORMATION_FORMAT = "dwarf-with-dsym";
				ENABLE_NS_ASSERTIONS = NO;
				ENABLE_STRICT_OBJC_MSGSEND = YES;
				GCC_C_LANGUAGE_STANDARD = gnu11;
				GCC_NO_COMMON_BLOCKS = YES;
				GCC_WARN_64_TO_32_BIT_CONVERSION = YES;
				GCC_WARN_ABOUT_RETURN_TYPE = YES_ERROR;
				GCC_WARN_UNDECLARED_SELECTOR = YES;
				GCC_WARN_UNINITIALIZED_AUTOS = YES_AGGRESSIVE;
				GCC_WARN_UNUSED_FUNCTION = YES;
				GCC_WARN_UNUSED_VARIABLE = YES;
				IPHONEOS_DEPLOYMENT_TARGET = 11.1;
				MTL_ENABLE_DEBUG_INFO = NO;
				SDKROOT = iphoneos;
				SWIFT_OPTIMIZATION_LEVEL = "-Owholemodule";
				VALIDATE_PRODUCT = YES;
			};
			name = Release;
		};
		251D45C01FD315E000085469 /* Debug */ = {
			isa = XCBuildConfiguration;
			buildSettings = {
				ASSETCATALOG_COMPILER_APPICON_NAME = AppIcon;
				CODE_SIGN_STYLE = Automatic;
				INFOPLIST_FILE = "4digit mastermind/Info.plist";
				LD_RUNPATH_SEARCH_PATHS = "$(inherited) @executable_path/Frameworks";
				PRODUCT_BUNDLE_IDENTIFIER = "com.jobigames.-digit-mastermind";
				PRODUCT_NAME = "$(TARGET_NAME)";
				SWIFT_VERSION = 4.0;
				TARGETED_DEVICE_FAMILY = "1,2";
			};
			name = Debug;
		};
		251D45C11FD315E000085469 /* Release */ = {
			isa = XCBuildConfiguration;
			buildSettings = {
				ASSETCATALOG_COMPILER_APPICON_NAME = AppIcon;
				CODE_SIGN_STYLE = Automatic;
				INFOPLIST_FILE = "4digit mastermind/Info.plist";
				LD_RUNPATH_SEARCH_PATHS = "$(inherited) @executable_path/Frameworks";
				PRODUCT_BUNDLE_IDENTIFIER = "com.jobigames.-digit-mastermind";
				PRODUCT_NAME = "$(TARGET_NAME)";
				SWIFT_VERSION = 4.0;
				TARGETED_DEVICE_FAMILY = "1,2";
			};
			name = Release;
		};
		251D45C31FD315E000085469 /* Debug */ = {
			isa = XCBuildConfiguration;
			buildSettings = {
				ALWAYS_EMBED_SWIFT_STANDARD_LIBRARIES = YES;
				BUNDLE_LOADER = "$(TEST_HOST)";
				CODE_SIGN_STYLE = Automatic;
				INFOPLIST_FILE = "4digit mastermindTests/Info.plist";
				LD_RUNPATH_SEARCH_PATHS = "$(inherited) @executable_path/Frameworks @loader_path/Frameworks";
				PRODUCT_BUNDLE_IDENTIFIER = "com.jobigames.-digit-mastermindTests";
				PRODUCT_NAME = "$(TARGET_NAME)";
				SWIFT_VERSION = 4.0;
				TARGETED_DEVICE_FAMILY = "1,2";
				TEST_HOST = "$(BUILT_PRODUCTS_DIR)/4digit mastermind.app/4digit mastermind";
			};
			name = Debug;
		};
		251D45C41FD315E000085469 /* Release */ = {
			isa = XCBuildConfiguration;
			buildSettings = {
				ALWAYS_EMBED_SWIFT_STANDARD_LIBRARIES = YES;
				BUNDLE_LOADER = "$(TEST_HOST)";
				CODE_SIGN_STYLE = Automatic;
				INFOPLIST_FILE = "4digit mastermindTests/Info.plist";
				LD_RUNPATH_SEARCH_PATHS = "$(inherited) @executable_path/Frameworks @loader_path/Frameworks";
				PRODUCT_BUNDLE_IDENTIFIER = "com.jobigames.-digit-mastermindTests";
				PRODUCT_NAME = "$(TARGET_NAME)";
				SWIFT_VERSION = 4.0;
				TARGETED_DEVICE_FAMILY = "1,2";
				TEST_HOST = "$(BUILT_PRODUCTS_DIR)/4digit mastermind.app/4digit mastermind";
			};
			name = Release;
		};
		251D45C61FD315E000085469 /* Debug */ = {
			isa = XCBuildConfiguration;
			buildSettings = {
				ALWAYS_EMBED_SWIFT_STANDARD_LIBRARIES = YES;
				CODE_SIGN_STYLE = Automatic;
				INFOPLIST_FILE = "4digit mastermindUITests/Info.plist";
				LD_RUNPATH_SEARCH_PATHS = "$(inherited) @executable_path/Frameworks @loader_path/Frameworks";
				PRODUCT_BUNDLE_IDENTIFIER = "com.jobigames.-digit-mastermindUITests";
				PRODUCT_NAME = "$(TARGET_NAME)";
				SWIFT_VERSION = 4.0;
				TARGETED_DEVICE_FAMILY = "1,2";
				TEST_TARGET_NAME = "4digit mastermind";
			};
			name = Debug;
		};
		251D45C71FD315E000085469 /* Release */ = {
			isa = XCBuildConfiguration;
			buildSettings = {
				ALWAYS_EMBED_SWIFT_STANDARD_LIBRARIES = YES;
				CODE_SIGN_STYLE = Automatic;
				INFOPLIST_FILE = "4digit mastermindUITests/Info.plist";
				LD_RUNPATH_SEARCH_PATHS = "$(inherited) @executable_path/Frameworks @loader_path/Frameworks";
				PRODUCT_BUNDLE_IDENTIFIER = "com.jobigames.-digit-mastermindUITests";
				PRODUCT_NAME = "$(TARGET_NAME)";
				SWIFT_VERSION = 4.0;
				TARGETED_DEVICE_FAMILY = "1,2";
				TEST_TARGET_NAME = "4digit mastermind";
			};
			name = Release;
		};
/* End XCBuildConfiguration section */

/* Begin XCConfigurationList section */
		251D45921FD315E000085469 /* Build configuration list for PBXProject "4digit mastermind" */ = {
			isa = XCConfigurationList;
			buildConfigurations = (
				251D45BD1FD315E000085469 /* Debug */,
				251D45BE1FD315E000085469 /* Release */,
			);
			defaultConfigurationIsVisible = 0;
			defaultConfigurationName = Release;
		};
		251D45BF1FD315E000085469 /* Build configuration list for PBXNativeTarget "4digit mastermind" */ = {
			isa = XCConfigurationList;
			buildConfigurations = (
				251D45C01FD315E000085469 /* Debug */,
				251D45C11FD315E000085469 /* Release */,
			);
			defaultConfigurationIsVisible = 0;
			defaultConfigurationName = Release;
		};
		251D45C21FD315E000085469 /* Build configuration list for PBXNativeTarget "4digit mastermindTests" */ = {
			isa = XCConfigurationList;
			buildConfigurations = (
				251D45C31FD315E000085469 /* Debug */,
				251D45C41FD315E000085469 /* Release */,
			);
			defaultConfigurationIsVisible = 0;
			defaultConfigurationName = Release;
		};
		251D45C51FD315E000085469 /* Build configuration list for PBXNativeTarget "4digit mastermindUITests" */ = {
			isa = XCConfigurationList;
			buildConfigurations = (
				251D45C61FD315E000085469 /* Debug */,
				251D45C71FD315E000085469 /* Release */,
			);
			defaultConfigurationIsVisible = 0;
			defaultConfigurationName = Release;
		};
/* End XCConfigurationList section */
	};
	rootObject = 251D458F1FD315E000085469 /* Project object */;
}
